
Microsoft Visual Studio Solution File, Format Version 12.00
# Visual Studio Version 17
VisualStudioVersion = 17.10.35013.160
MinimumVisualStudioVersion = 10.0.40219.1
Project("{9A19103F-16F7-4668-BE54-9A1E7A4F7556}") = "BulkyWeb", "BulkyWeb\BulkyWeb.csproj", "{57A2D613-6998-45B6-A8AA-03A3DDBBD7AF}"
EndProject
Project("{9A19103F-16F7-4668-BE54-9A1E7A4F7556}") = "Bulky.DataAccess", "Bulky.DataAccess\Bulky.DataAccess.csproj", "{87E5851D-DAB3-4006-B800-3C2F31893BCD}"
EndProject
Project("{9A19103F-16F7-4668-BE54-9A1E7A4F7556}") = "Bulky.Models", "Bulky.Models\Bulky.Models.csproj", "{300EC7C1-4259-4900-AD57-479721E138AB}"
EndProject
Project("{9A19103F-16F7-4668-BE54-9A1E7A4F7556}") = "Bulky.Utility", "Bulky.Utility\Bulky.Utility.csproj", "{D287C04F-D46D-4133-B992-5ED55AC68B0F}"
EndProject
Global
	GlobalSection(SolutionConfigurationPlatforms) = preSolution
		Debug|Any CPU = Debug|Any CPU
		Release|Any CPU = Release|Any CPU
	EndGlobalSection
	GlobalSection(ProjectConfigurationPlatforms) = postSolution
		{57A2D613-6998-45B6-A8AA-03A3DDBBD7AF}.Debug|Any CPU.ActiveCfg = Debug|Any CPU
		{57A2D613-6998-45B6-A8AA-03A3DDBBD7AF}.Debug|Any CPU.Build.0 = Debug|Any CPU
		{57A2D613-6998-45B6-A8AA-03A3DDBBD7AF}.Release|Any CPU.ActiveCfg = Release|Any CPU
		{57A2D613-6998-45B6-A8AA-03A3DDBBD7AF}.Release|Any CPU.Build.0 = Release|Any CPU
		{87E5851D-DAB3-4006-B800-3C2F31893BCD}.Debug|Any CPU.ActiveCfg = Debug|Any CPU
		{87E5851D-DAB3-4006-B800-3C2F31893BCD}.Debug|Any CPU.Build.0 = Debug|Any CPU
		{87E5851D-DAB3-4006-B800-3C2F31893BCD}.Release|Any CPU.ActiveCfg = Release|Any CPU
		{87E5851D-DAB3-4006-B800-3C2F31893BCD}.Release|Any CPU.Build.0 = Release|Any CPU
		{300EC7C1-4259-4900-AD57-479721E138AB}.Debug|Any CPU.ActiveCfg = Debug|Any CPU
		{300EC7C1-4259-4900-AD57-479721E138AB}.Debug|Any CPU.Build.0 = Debug|Any CPU
		{300EC7C1-4259-4900-AD57-479721E138AB}.Release|Any CPU.ActiveCfg = Release|Any CPU
		{300EC7C1-4259-4900-AD57-479721E138AB}.Release|Any CPU.Build.0 = Release|Any CPU
		{D287C04F-D46D-4133-B992-5ED55AC68B0F}.Debug|Any CPU.ActiveCfg = Debug|Any CPU
		{D287C04F-D46D-4133-B992-5ED55AC68B0F}.Debug|Any CPU.Build.0 = Debug|Any CPU
		{D287C04F-D46D-4133-B992-5ED55AC68B0F}.Release|Any CPU.ActiveCfg = Release|Any CPU
		{D287C04F-D46D-4133-B992-5ED55AC68B0F}.Release|Any CPU.Build.0 = Release|Any CPU
	EndGlobalSection
	GlobalSection(SolutionProperties) = preSolution
		HideSolutionNode = FALSE
	EndGlobalSection
	GlobalSection(ExtensibilityGlobals) = postSolution
		SolutionGuid = {EEC61F86-00C4-4C07-9AC3-01C86A777E4A}
	EndGlobalSection
EndGlobal
